<?xml version="1.0" encoding="utf-8"?>
<Project ToolsVersion="4.0" xmlns="http://schemas.microsoft.com/developer/msbuild/2003">
  <ItemGroup>
    <Filter Include="Source Files">
      <UniqueIdentifier>{4FC737F1-C7A5-4376-A066-2A32D752A2FF}</UniqueIdentifier>
      <Extensions>cpp;c;cc;cxx;def;odl;idl;hpj;bat;asm;asmx</Extensions>
    </Filter>
    <Filter Include="Header Files">
      <UniqueIdentifier>{93995380-89BD-4b04-88EB-625FBE52EBFB}</UniqueIdentifier>
      <Extensions>h;hh;hpp;hxx;hm;inl;inc;xsd</Extensions>
    </Filter>
    <Filter Include="Resource Files">
      <UniqueIdentifier>{67DA6AB6-F800-4c08-8B7A-83BB121AAD01}</UniqueIdentifier>
      <Extensions>rc;ico;cur;bmp;dlg;rc2;rct;bin;rgs;gif;jpg;jpeg;jpe;resx;tiff;tif;png;wav;mfcribbon-ms</Extensions>
    </Filter>
    <Filter Include="Source Files\GameStates">
      <UniqueIdentifier>{e285351e-5742-473a-9553-d77f82d31968}</UniqueIdentifier>
    </Filter>
    <Filter Include="Header Files\GameStates">
      <UniqueIdentifier>{6f80b9f7-d1a3-42fd-8e9f-965c1a2a5f51}</UniqueIdentifier>
    </Filter>
    <Filter Include="Source Files\Managers">
      <UniqueIdentifier>{cc826053-d9ee-4166-950d-3a5400cd33ad}</UniqueIdentifier>
    </Filter>
    <Filter Include="Header Files\Managers">
      <UniqueIdentifier>{157fdbe5-bcd7-43de-b9f3-8b8aa8e3e0fd}</UniqueIdentifier>
    </Filter>
    <Filter Include="Header Files\Entities">
      <UniqueIdentifier>{5c8394c9-f5fe-45f6-bd3e-686f14f763f0}</UniqueIdentifier>
    </Filter>
    <Filter Include="Source Files\Entities">
      <UniqueIdentifier>{7e10a7b6-05a1-4b80-b8d9-4b25e74d154c}</UniqueIdentifier>
    </Filter>
    <Filter Include="Header Files\Entities\Units">
      <UniqueIdentifier>{b3bb70d5-e841-4964-95f4-7acf52d530d9}</UniqueIdentifier>
    </Filter>
    <Filter Include="Source Files\Entities\Units">
      <UniqueIdentifier>{f27cde31-1c0e-4dae-bd2d-50fb4b19b1fc}</UniqueIdentifier>
    </Filter>
  </ItemGroup>
  <ItemGroup>
    <ClCompile Include="Main.cpp">
      <Filter>Source Files</Filter>
    </ClCompile>
    <ClCompile Include="Game.cpp">
      <Filter>Source Files</Filter>
    </ClCompile>
    <ClCompile Include="GridVector.cpp">
      <Filter>Source Files</Filter>
    </ClCompile>
    <ClCompile Include="Level.cpp">
      <Filter>Source Files</Filter>
    </ClCompile>
    <ClCompile Include="GameState.cpp">
      <Filter>Source Files\GameStates</Filter>
    </ClCompile>
    <ClCompile Include="MainMenuState.cpp">
      <Filter>Source Files\GameStates</Filter>
    </ClCompile>
    <ClCompile Include="PlayState.cpp">
      <Filter>Source Files\GameStates</Filter>
    </ClCompile>
    <ClCompile Include="SplashState.cpp">
      <Filter>Source Files\GameStates</Filter>
    </ClCompile>
    <ClCompile Include="TitleState.cpp">
      <Filter>Source Files\GameStates</Filter>
    </ClCompile>
    <ClCompile Include="TextureManager.cpp">
      <Filter>Source Files\Managers</Filter>
    </ClCompile>
    <ClCompile Include="GameStateManager.cpp">
      <Filter>Source Files\Managers</Filter>
    </ClCompile>
    <ClCompile Include="Entity.cpp">
      <Filter>Source Files\Entities</Filter>
    </ClCompile>
    <ClCompile Include="Tile.cpp">
      <Filter>Source Files\Entities</Filter>
    </ClCompile>
    <ClCompile Include="MenuState.cpp">
      <Filter>Source Files\GameStates</Filter>
    </ClCompile>
    <ClCompile Include="UIElement.cpp">
      <Filter>Source Files\Entities</Filter>
    </ClCompile>
    <ClCompile Include="Button.cpp">
      <Filter>Source Files\Entities</Filter>
    </ClCompile>
    <ClCompile Include="Unit.cpp">
      <Filter>Source Files\Entities\Units</Filter>
    </ClCompile>
    <ClCompile Include="MercenaryUnit.cpp">
      <Filter>Source Files\Entities\Units</Filter>
    </ClCompile>
    <ClCompile Include="DebugManager.cpp">
      <Filter>Source Files\Managers</Filter>
    </ClCompile>
    <ClCompile Include="WyvernRiderUnit.cpp">
      <Filter>Source Files\Entities\Units</Filter>
    </ClCompile>
    <ClCompile Include="MageUnit.cpp">
      <Filter>Source Files\Entities\Units</Filter>
    </ClCompile>
    <ClCompile Include="BonewalkerSwordUnit.cpp">
      <Filter>Source Files\Entities\Units</Filter>
    </ClCompile>
    <ClCompile Include="Pathfinder.cpp">
      <Filter>Source Files\Managers</Filter>
    </ClCompile>
    <ClCompile Include="ArcherUnit.cpp">
      <Filter>Source Files\Entities\Units</Filter>
    </ClCompile>
    <ClCompile Include="BonewalkerBowUnit.cpp">
      <Filter>Source Files\Entities\Units</Filter>
    </ClCompile>
    <ClCompile Include="CavallierUnit.cpp">
      <Filter>Source Files\Entities\Units</Filter>
    </ClCompile>
    <ClCompile Include="FighterUnit.cpp">
      <Filter>Source Files\Entities\Units</Filter>
    </ClCompile>
    <ClCompile Include="GargoyleUnit.cpp">
      <Filter>Source Files\Entities\Units</Filter>
    </ClCompile>
  </ItemGroup>
  <ItemGroup>
    <ClInclude Include="Game.h">
      <Filter>Header Files</Filter>
    </ClInclude>
    <ClInclude Include="GridVector.h">
      <Filter>Header Files</Filter>
    </ClInclude>
    <ClInclude Include="Level.h">
      <Filter>Header Files</Filter>
    </ClInclude>
    <ClInclude Include="SplashState.h">
      <Filter>Header Files\GameStates</Filter>
    </ClInclude>
    <ClInclude Include="TitleState.h">
      <Filter>Header Files\GameStates</Filter>
    </ClInclude>
    <ClInclude Include="PlayState.h">
      <Filter>Header Files\GameStates</Filter>
    </ClInclude>
    <ClInclude Include="GameState.h">
      <Filter>Header Files\GameStates</Filter>
    </ClInclude>
    <ClInclude Include="MainMenuState.h">
      <Filter>Header Files\GameStates</Filter>
    </ClInclude>
    <ClInclude Include="TextureManager.h">
      <Filter>Header Files\Managers</Filter>
    </ClInclude>
    <ClInclude Include="GameStateManager.h">
      <Filter>Header Files\Managers</Filter>
    </ClInclude>
    <ClInclude Include="Entity.h">
      <Filter>Header Files\Entities</Filter>
    </ClInclude>
    <ClInclude Include="Tile.h">
      <Filter>Header Files\Entities</Filter>
    </ClInclude>
    <ClInclude Include="Button.h">
      <Filter>Header Files\Entities</Filter>
    </ClInclude>
    <ClInclude Include="MenuState.h">
      <Filter>Header Files\GameStates</Filter>
    </ClInclude>
    <ClInclude Include="UIElement.h">
      <Filter>Header Files\Entities</Filter>
    </ClInclude>
    <ClInclude Include="Unit.h">
      <Filter>Header Files\Entities\Units</Filter>
    </ClInclude>
    <ClInclude Include="MercenaryUnit.h">
      <Filter>Header Files\Entities\Units</Filter>
    </ClInclude>
    <ClInclude Include="DebugManager.h">
      <Filter>Header Files\Managers</Filter>
    </ClInclude>
    <ClInclude Include="WyvernRiderUnit.h">
      <Filter>Header Files\Entities\Units</Filter>
    </ClInclude>
    <ClInclude Include="MageUnit.h">
      <Filter>Header Files\Entities\Units</Filter>
    </ClInclude>
    <ClInclude Include="BonewalkerSwordUnit.h">
      <Filter>Header Files\Entities\Units</Filter>
    </ClInclude>
    <ClInclude Include="Pathfinder.h">
      <Filter>Header Files\Managers</Filter>
    </ClInclude>
    <ClInclude Include="ArcherUnit.h">
      <Filter>Header Files\Entities\Units</Filter>
    </ClInclude>
    <ClInclude Include="BonewalkerBowUnit.h">
      <Filter>Header Files\Entities\Units</Filter>
    </ClInclude>
    <ClInclude Include="CavallierUnit.h">
      <Filter>Header Files\Entities\Units</Filter>
    </ClInclude>
    <ClInclude Include="FighterUnit.h">
      <Filter>Header Files\Entities\Units</Filter>
    </ClInclude>
    <ClInclude Include="GargoyleUnit.h">
      <Filter>Header Files\Entities\Units</Filter>
    </ClInclude>
  </ItemGroup>
</Project>